github.com/aleasoluciones/goaleasoluciones v0.0.0-20200619085850-b0f5cadff0cb h1:yJL9l+a+AhbDgXxR1qfF/uGaJ/wY8hq4He4Fo8sonkU=
github.com/aleasoluciones/goaleasoluciones v0.0.0-20200619085850-b0f5cadff0cb/go.mod h1:dPDme2W0OahZUhqg9YFKeTvA7EeuLaT9jXWhiTsNIAE=
github.com/aleasoluciones/simpleamqp v0.0.0-20211220133653-63fd15d27f9f h1:rQiUdbBfqwYF4dHDJtV2odtYyjGIkfioyUpjmCZAw50=
github.com/aleasoluciones/simpleamqp v0.0.0-20211220133653-63fd15d27f9f/go.mod h1:aY17WSuK/SuFMUdnmdR1FgO1CW8SxWg7m+583UGbOqY=
github.com/certifi/gocertifi v0.0.0-20170417193930-a9c833d2837d h1:VGgODlpy6fRZgo+uUGrDk6+Rkp2IM38NUu/IcM8uuSA=
github.com/certifi/gocertifi v0.0.0-20170417193930-a9c833d2837d/go.mod h1:GJKEexRPVJrBSOjoqN5VNOIKJ5Q3RViH6eu3puDRwx4=
github.com/davecgh/go-spew v1.1.1-0.20171005155431-ecdeabc65495 h1:b2hEFhj0PgDc77eCeDUSKXynIoXJRt6yTZ8aMk2cPoI=
github.com/davecgh/go-spew v1.1.1-0.20171005155431-ecdeabc65495/go.mod h1:J7Y8YcW2NihsgmVo/mv3lAwl/skON4iLHjSsI+c5H38=
github.com/getsentry/raven-go v0.0.0-20170614100719-d175f85701df h1:97mzx5b435RGNOwVZbcfeFke2A70aq0+nUvNvo7HVnw=
github.com/getsentry/raven-go v0.0.0-20170614100719-d175f85701df/go.mod h1:KungGk8q33+aIAZUIVWZDr2OfAEBsO49PX4NzFV5kcQ=
github.com/pborman/uuid v0.0.0-20170612153648-e790cca94e6c h1:MUyE44mTvnI5A0xrxIxaMqoWFzPfQvtE2IWUollMDMs=
github.com/pborman/uuid v0.0.0-20170612153648-e790cca94e6c/go.mod h1:VyrYX9gd7irzKovcSS6BIIEwPRkP2Wm2m9ufcdFSJ34=
github.com/pmezard/go-difflib v1.0.0 h1:4DBwDE0NGyQoBHbLQYPwSUPoCMWR5BEzIk/f1lZbAQM=
github.com/pmezard/go-difflib v1.0.0/go.mod h1:iKH77koFhYxTK1pcRnkKkqfTogsbg7gZNVY4sRDYZ/4=
github.com/streadway/amqp v0.0.0-20170611160333-27859d32540a h1:9n/ltlP4Q7xlPeI2ma8/0AUjop7A/cjeYdWRPreomUQ=
github.com/streadway/amqp v0.0.0-20170611160333-27859d32540a/go.mod h1:1WNBiOZtZQLpVAyu0iTduoJL9hEsMloAK5XWrtW0xdY=
github.com/stretchr/testify v1.1.5-0.20171018052257-2aa2c176b9da h1:glZmY4mCDpnJuNJ4z+wbu5y2Qir8LgfkvYgv5as+LBY=
github.com/stretchr/testify v1.1.5-0.20171018052257-2aa2c176b9da/go.mod h1:a8OnRcib4nhh0OaRAV+Yts87kKdq0PP7pXfy6kDkUVs=
